// !$*UTF8*$!
{
	archiveVersion = 1;
	classes = {
	};
	objectVersion = 56;
	objects = {

/* Begin PBXBuildFile section */
		788B6D742C2EE2560059825F /* AppDelegate.swift in Sources */ = {isa = PBXBuildFile; fileRef = 788B6D732C2EE2560059825F /* AppDelegate.swift */; };
		788B6D762C2EE2560059825F /* SceneDelegate.swift in Sources */ = {isa = PBXBuildFile; fileRef = 788B6D752C2EE2560059825F /* SceneDelegate.swift */; };
		788B6D7E2C2EE2560059825F /* shoppingFab.xcdatamodeld in Sources */ = {isa = PBXBuildFile; fileRef = 788B6D7C2C2EE2560059825F /* shoppingFab.xcdatamodeld */; };
		788B6D802C2EE2570059825F /* Assets.xcassets in Resources */ = {isa = PBXBuildFile; fileRef = 788B6D7F2C2EE2570059825F /* Assets.xcassets */; };
		788B6D832C2EE2570059825F /* LaunchScreen.storyboard in Resources */ = {isa = PBXBuildFile; fileRef = 788B6D812C2EE2570059825F /* LaunchScreen.storyboard */; };
		788B6D8E2C2EE2580059825F /* shoppingFabTests.swift in Sources */ = {isa = PBXBuildFile; fileRef = 788B6D8D2C2EE2580059825F /* shoppingFabTests.swift */; };
		788B6D982C2EE2580059825F /* shoppingFabUITests.swift in Sources */ = {isa = PBXBuildFile; fileRef = 788B6D972C2EE2580059825F /* shoppingFabUITests.swift */; };
		788B6D9A2C2EE2580059825F /* shoppingFabUITestsLaunchTests.swift in Sources */ = {isa = PBXBuildFile; fileRef = 788B6D992C2EE2580059825F /* shoppingFabUITestsLaunchTests.swift */; };
		788B6DA82C2EE4890059825F /* Main.storyboard in Resources */ = {isa = PBXBuildFile; fileRef = 788B6DA62C2EE4890059825F /* Main.storyboard */; };
		788B6DAA2C2EE87C0059825F /* RegisterViewController.swift in Sources */ = {isa = PBXBuildFile; fileRef = 788B6DA92C2EE87B0059825F /* RegisterViewController.swift */; };
		788B6DAE2C2EEA9C0059825F /* DuplicateFuncs.swift in Sources */ = {isa = PBXBuildFile; fileRef = 788B6DAD2C2EEA9C0059825F /* DuplicateFuncs.swift */; };
		788B6DB02C2EEAAA0059825F /* Constants.swift in Sources */ = {isa = PBXBuildFile; fileRef = 788B6DAF2C2EEAAA0059825F /* Constants.swift */; };
		788B6DB22C2EEC370059825F /* LoginViewController.swift in Sources */ = {isa = PBXBuildFile; fileRef = 788B6DB12C2EEC370059825F /* LoginViewController.swift */; };
		788B6DB42C2EEEB10059825F /* HomeViewController.swift in Sources */ = {isa = PBXBuildFile; fileRef = 788B6DB32C2EEEB10059825F /* HomeViewController.swift */; };
		788B6DBD2C2FF0B10059825F /* Alamofire in Frameworks */ = {isa = PBXBuildFile; productRef = 788B6DBC2C2FF0B10059825F /* Alamofire */; };
		788B6DBF2C2FF0B10059825F /* AlamofireDynamic in Frameworks */ = {isa = PBXBuildFile; productRef = 788B6DBE2C2FF0B10059825F /* AlamofireDynamic */; };
		788B6DC92C2FF2830059825F /* ProductModel.swift in Sources */ = {isa = PBXBuildFile; fileRef = 788B6DC82C2FF2830059825F /* ProductModel.swift */; };
		788B6DCB2C2FF2920059825F /* ProductData.swift in Sources */ = {isa = PBXBuildFile; fileRef = 788B6DCA2C2FF2920059825F /* ProductData.swift */; };
		788B6DCD2C2FF2C20059825F /* CategoryModel.swift in Sources */ = {isa = PBXBuildFile; fileRef = 788B6DCC2C2FF2C20059825F /* CategoryModel.swift */; };
		788B6DCF2C2FF2D00059825F /* CategoryData.swift in Sources */ = {isa = PBXBuildFile; fileRef = 788B6DCE2C2FF2D00059825F /* CategoryData.swift */; };
		788B6DD12C2FF2FD0059825F /* User.swift in Sources */ = {isa = PBXBuildFile; fileRef = 788B6DD02C2FF2FD0059825F /* User.swift */; };
		788B6DFC2C2FF8810059825F /* TopCollectionViewColumnFlowLayout.swift in Sources */ = {isa = PBXBuildFile; fileRef = 788B6DFB2C2FF8810059825F /* TopCollectionViewColumnFlowLayout.swift */; };
		788B6DFE2C2FF8990059825F /* CategoriesCollectionViewCell.xib in Resources */ = {isa = PBXBuildFile; fileRef = 788B6DFD2C2FF8990059825F /* CategoriesCollectionViewCell.xib */; };
		788B6E002C2FF8A80059825F /* CategoriesCollectionViewCell.swift in Sources */ = {isa = PBXBuildFile; fileRef = 788B6DFF2C2FF8A80059825F /* CategoriesCollectionViewCell.swift */; };
		788B6E022C2FF8CB0059825F /* CategorizedTableViewCell.swift in Sources */ = {isa = PBXBuildFile; fileRef = 788B6E012C2FF8CB0059825F /* CategorizedTableViewCell.swift */; };
		788B6E042C2FF8D60059825F /* CategorizedTableViewCell.xib in Resources */ = {isa = PBXBuildFile; fileRef = 788B6E032C2FF8D60059825F /* CategorizedTableViewCell.xib */; };
		788B6E062C2FF8ED0059825F /* CartTableViewCell.xib in Resources */ = {isa = PBXBuildFile; fileRef = 788B6E052C2FF8ED0059825F /* CartTableViewCell.xib */; };
		788B6E082C2FF8F70059825F /* CartTableViewCell.swift in Sources */ = {isa = PBXBuildFile; fileRef = 788B6E072C2FF8F70059825F /* CartTableViewCell.swift */; };
		788B6E0A2C2FF9050059825F /* BottomCollectionViewColumnFlowLayout.swift in Sources */ = {isa = PBXBuildFile; fileRef = 788B6E092C2FF9050059825F /* BottomCollectionViewColumnFlowLayout.swift */; };
		788B6E0C2C2FF90D0059825F /* ProductsCollectionViewCell.swift in Sources */ = {isa = PBXBuildFile; fileRef = 788B6E0B2C2FF90D0059825F /* ProductsCollectionViewCell.swift */; };
		788B6E0E2C2FF9150059825F /* ProductsCollectionViewCell.xib in Resources */ = {isa = PBXBuildFile; fileRef = 788B6E0D2C2FF9150059825F /* ProductsCollectionViewCell.xib */; };
		788B6E102C2FF98A0059825F /* CategorizedViewController.swift in Sources */ = {isa = PBXBuildFile; fileRef = 788B6E0F2C2FF98A0059825F /* CategorizedViewController.swift */; };
		788B6E122C2FF9B40059825F /* ProductDetailViewController.swift in Sources */ = {isa = PBXBuildFile; fileRef = 788B6E112C2FF9B40059825F /* ProductDetailViewController.swift */; };
		788B6E142C30215A0059825F /* CartViewController.swift in Sources */ = {isa = PBXBuildFile; fileRef = 788B6E132C30215A0059825F /* CartViewController.swift */; };
		788B6E162C3021670059825F /* ProfileViewController.swift in Sources */ = {isa = PBXBuildFile; fileRef = 788B6E152C3021670059825F /* ProfileViewController.swift */; };
		788B6E192C3024B50059825F /* SDWebImage in Frameworks */ = {isa = PBXBuildFile; productRef = 788B6E182C3024B50059825F /* SDWebImage */; };
		788B6E1B2C3024B50059825F /* SDWebImageMapKit in Frameworks */ = {isa = PBXBuildFile; productRef = 788B6E1A2C3024B50059825F /* SDWebImageMapKit */; };
		788B6E272C3051200059825F /* CoreDataManager.swift in Sources */ = {isa = PBXBuildFile; fileRef = 788B6E262C3051200059825F /* CoreDataManager.swift */; };
		788B6E2B2C305FE50059825F /* CartProductList.swift in Sources */ = {isa = PBXBuildFile; fileRef = 788B6E2A2C305FE50059825F /* CartProductList.swift */; };
		788B6E2D2C3081690059825F /* CartProductModel.swift in Sources */ = {isa = PBXBuildFile; fileRef = 788B6E2C2C3081690059825F /* CartProductModel.swift */; };
		788B6E312C309D3F0059825F /* UserData.swift in Sources */ = {isa = PBXBuildFile; fileRef = 788B6E302C309D3F0059825F /* UserData.swift */; };
		788C64602C31856100906A94 /* CheckOutViewController.swift in Sources */ = {isa = PBXBuildFile; fileRef = 788C645F2C31856100906A94 /* CheckOutViewController.swift */; };
		788C64622C31AD5900906A94 /* NetworkViewModel.swift in Sources */ = {isa = PBXBuildFile; fileRef = 788C64612C31AD5900906A94 /* NetworkViewModel.swift */; };
		788C64652C31E5C300906A94 /* CartViewModel.swift in Sources */ = {isa = PBXBuildFile; fileRef = 788C64642C31E5C300906A94 /* CartViewModel.swift */; };
		788C64672C31E7B400906A94 /* userViewModel.swift in Sources */ = {isa = PBXBuildFile; fileRef = 788C64662C31E7B400906A94 /* userViewModel.swift */; };
		788C64692C31EE3C00906A94 /* NotificationExtensions.swift in Sources */ = {isa = PBXBuildFile; fileRef = 788C64682C31EE3C00906A94 /* NotificationExtensions.swift */; };
/* End PBXBuildFile section */

/* Begin PBXContainerItemProxy section */
		788B6D8A2C2EE2580059825F /* PBXContainerItemProxy */ = {
			isa = PBXContainerItemProxy;
			containerPortal = 788B6D682C2EE2560059825F /* Project object */;
			proxyType = 1;
			remoteGlobalIDString = 788B6D6F2C2EE2560059825F;
			remoteInfo = shoppingFab;
		};
		788B6D942C2EE2580059825F /* PBXContainerItemProxy */ = {
			isa = PBXContainerItemProxy;
			containerPortal = 788B6D682C2EE2560059825F /* Project object */;
			proxyType = 1;
			remoteGlobalIDString = 788B6D6F2C2EE2560059825F;
			remoteInfo = shoppingFab;
		};
/* End PBXContainerItemProxy section */

/* Begin PBXFileReference section */
		788B6D702C2EE2560059825F /* shoppingFab.app */ = {isa = PBXFileReference; explicitFileType = wrapper.application; includeInIndex = 0; path = shoppingFab.app; sourceTree = BUILT_PRODUCTS_DIR; };
		788B6D732C2EE2560059825F /* AppDelegate.swift */ = {isa = PBXFileReference; lastKnownFileType = sourcecode.swift; path = AppDelegate.swift; sourceTree = "<group>"; };
		788B6D752C2EE2560059825F /* SceneDelegate.swift */ = {isa = PBXFileReference; lastKnownFileType = sourcecode.swift; path = SceneDelegate.swift; sourceTree = "<group>"; };
		788B6D7D2C2EE2560059825F /* shoppingFab.xcdatamodel */ = {isa = PBXFileReference; lastKnownFileType = wrapper.xcdatamodel; path = shoppingFab.xcdatamodel; sourceTree = "<group>"; };
		788B6D7F2C2EE2570059825F /* Assets.xcassets */ = {isa = PBXFileReference; lastKnownFileType = folder.assetcatalog; path = Assets.xcassets; sourceTree = "<group>"; };
		788B6D822C2EE2570059825F /* Base */ = {isa = PBXFileReference; lastKnownFileType = file.storyboard; name = Base; path = Base.lproj/LaunchScreen.storyboard; sourceTree = "<group>"; };
		788B6D842C2EE2570059825F /* Info.plist */ = {isa = PBXFileReference; lastKnownFileType = text.plist.xml; path = Info.plist; sourceTree = "<group>"; };
		788B6D892C2EE2580059825F /* shoppingFabTests.xctest */ = {isa = PBXFileReference; explicitFileType = wrapper.cfbundle; includeInIndex = 0; path = shoppingFabTests.xctest; sourceTree = BUILT_PRODUCTS_DIR; };
		788B6D8D2C2EE2580059825F /* shoppingFabTests.swift */ = {isa = PBXFileReference; lastKnownFileType = sourcecode.swift; path = shoppingFabTests.swift; sourceTree = "<group>"; };
		788B6D932C2EE2580059825F /* shoppingFabUITests.xctest */ = {isa = PBXFileReference; explicitFileType = wrapper.cfbundle; includeInIndex = 0; path = shoppingFabUITests.xctest; sourceTree = BUILT_PRODUCTS_DIR; };
		788B6D972C2EE2580059825F /* shoppingFabUITests.swift */ = {isa = PBXFileReference; lastKnownFileType = sourcecode.swift; path = shoppingFabUITests.swift; sourceTree = "<group>"; };
		788B6D992C2EE2580059825F /* shoppingFabUITestsLaunchTests.swift */ = {isa = PBXFileReference; lastKnownFileType = sourcecode.swift; path = shoppingFabUITestsLaunchTests.swift; sourceTree = "<group>"; };
		788B6DA72C2EE4890059825F /* Base */ = {isa = PBXFileReference; lastKnownFileType = file.storyboard; name = Base; path = "../../../Downloads/BazaarBundle_E-Commerce-Shopping-App-main/Shopping-App-eCommerce/View/Base.lproj/Main.storyboard"; sourceTree = "<group>"; };
		788B6DA92C2EE87B0059825F /* RegisterViewController.swift */ = {isa = PBXFileReference; fileEncoding = 4; lastKnownFileType = sourcecode.swift; path = RegisterViewController.swift; sourceTree = "<group>"; };
		788B6DAD2C2EEA9C0059825F /* DuplicateFuncs.swift */ = {isa = PBXFileReference; fileEncoding = 4; lastKnownFileType = sourcecode.swift; path = DuplicateFuncs.swift; sourceTree = "<group>"; };
		788B6DAF2C2EEAAA0059825F /* Constants.swift */ = {isa = PBXFileReference; fileEncoding = 4; lastKnownFileType = sourcecode.swift; path = Constants.swift; sourceTree = "<group>"; };
		788B6DB12C2EEC370059825F /* LoginViewController.swift */ = {isa = PBXFileReference; fileEncoding = 4; lastKnownFileType = sourcecode.swift; path = LoginViewController.swift; sourceTree = "<group>"; };
		788B6DB32C2EEEB10059825F /* HomeViewController.swift */ = {isa = PBXFileReference; fileEncoding = 4; lastKnownFileType = sourcecode.swift; path = HomeViewController.swift; sourceTree = "<group>"; };
		788B6DC82C2FF2830059825F /* ProductModel.swift */ = {isa = PBXFileReference; lastKnownFileType = sourcecode.swift; path = ProductModel.swift; sourceTree = "<group>"; };
		788B6DCA2C2FF2920059825F /* ProductData.swift */ = {isa = PBXFileReference; lastKnownFileType = sourcecode.swift; path = ProductData.swift; sourceTree = "<group>"; };
		788B6DCC2C2FF2C20059825F /* CategoryModel.swift */ = {isa = PBXFileReference; lastKnownFileType = sourcecode.swift; path = CategoryModel.swift; sourceTree = "<group>"; };
		788B6DCE2C2FF2D00059825F /* CategoryData.swift */ = {isa = PBXFileReference; lastKnownFileType = sourcecode.swift; path = CategoryData.swift; sourceTree = "<group>"; };
		788B6DD02C2FF2FD0059825F /* User.swift */ = {isa = PBXFileReference; lastKnownFileType = sourcecode.swift; path = User.swift; sourceTree = "<group>"; };
		788B6DFB2C2FF8810059825F /* TopCollectionViewColumnFlowLayout.swift */ = {isa = PBXFileReference; fileEncoding = 4; lastKnownFileType = sourcecode.swift; path = TopCollectionViewColumnFlowLayout.swift; sourceTree = "<group>"; };
		788B6DFD2C2FF8990059825F /* CategoriesCollectionViewCell.xib */ = {isa = PBXFileReference; fileEncoding = 4; lastKnownFileType = file.xib; path = CategoriesCollectionViewCell.xib; sourceTree = "<group>"; };
		788B6DFF2C2FF8A80059825F /* CategoriesCollectionViewCell.swift */ = {isa = PBXFileReference; fileEncoding = 4; lastKnownFileType = sourcecode.swift; path = CategoriesCollectionViewCell.swift; sourceTree = "<group>"; };
		788B6E012C2FF8CB0059825F /* CategorizedTableViewCell.swift */ = {isa = PBXFileReference; fileEncoding = 4; lastKnownFileType = sourcecode.swift; path = CategorizedTableViewCell.swift; sourceTree = "<group>"; };
		788B6E032C2FF8D60059825F /* CategorizedTableViewCell.xib */ = {isa = PBXFileReference; fileEncoding = 4; lastKnownFileType = file.xib; path = CategorizedTableViewCell.xib; sourceTree = "<group>"; };
		788B6E052C2FF8ED0059825F /* CartTableViewCell.xib */ = {isa = PBXFileReference; fileEncoding = 4; lastKnownFileType = file.xib; path = CartTableViewCell.xib; sourceTree = "<group>"; };
		788B6E072C2FF8F70059825F /* CartTableViewCell.swift */ = {isa = PBXFileReference; fileEncoding = 4; lastKnownFileType = sourcecode.swift; path = CartTableViewCell.swift; sourceTree = "<group>"; };
		788B6E092C2FF9050059825F /* BottomCollectionViewColumnFlowLayout.swift */ = {isa = PBXFileReference; fileEncoding = 4; lastKnownFileType = sourcecode.swift; path = BottomCollectionViewColumnFlowLayout.swift; sourceTree = "<group>"; };
		788B6E0B2C2FF90D0059825F /* ProductsCollectionViewCell.swift */ = {isa = PBXFileReference; fileEncoding = 4; lastKnownFileType = sourcecode.swift; path = ProductsCollectionViewCell.swift; sourceTree = "<group>"; };
		788B6E0D2C2FF9150059825F /* ProductsCollectionViewCell.xib */ = {isa = PBXFileReference; fileEncoding = 4; lastKnownFileType = file.xib; path = ProductsCollectionViewCell.xib; sourceTree = "<group>"; };
		788B6E0F2C2FF98A0059825F /* CategorizedViewController.swift */ = {isa = PBXFileReference; fileEncoding = 4; lastKnownFileType = sourcecode.swift; path = CategorizedViewController.swift; sourceTree = "<group>"; };
		788B6E112C2FF9B40059825F /* ProductDetailViewController.swift */ = {isa = PBXFileReference; fileEncoding = 4; lastKnownFileType = sourcecode.swift; path = ProductDetailViewController.swift; sourceTree = "<group>"; };
		788B6E132C30215A0059825F /* CartViewController.swift */ = {isa = PBXFileReference; fileEncoding = 4; lastKnownFileType = sourcecode.swift; path = CartViewController.swift; sourceTree = "<group>"; };
		788B6E152C3021670059825F /* ProfileViewController.swift */ = {isa = PBXFileReference; fileEncoding = 4; lastKnownFileType = sourcecode.swift; path = ProfileViewController.swift; sourceTree = "<group>"; };
		788B6E262C3051200059825F /* CoreDataManager.swift */ = {isa = PBXFileReference; lastKnownFileType = sourcecode.swift; path = CoreDataManager.swift; sourceTree = "<group>"; };
		788B6E2A2C305FE50059825F /* CartProductList.swift */ = {isa = PBXFileReference; lastKnownFileType = sourcecode.swift; path = CartProductList.swift; sourceTree = "<group>"; };
		788B6E2C2C3081690059825F /* CartProductModel.swift */ = {isa = PBXFileReference; lastKnownFileType = sourcecode.swift; path = CartProductModel.swift; sourceTree = "<group>"; };
		788B6E302C309D3F0059825F /* UserData.swift */ = {isa = PBXFileReference; lastKnownFileType = sourcecode.swift; path = UserData.swift; sourceTree = "<group>"; };
		788C645F2C31856100906A94 /* CheckOutViewController.swift */ = {isa = PBXFileReference; lastKnownFileType = sourcecode.swift; path = CheckOutViewController.swift; sourceTree = "<group>"; };
		788C64612C31AD5900906A94 /* NetworkViewModel.swift */ = {isa = PBXFileReference; lastKnownFileType = sourcecode.swift; path = NetworkViewModel.swift; sourceTree = "<group>"; };
		788C64642C31E5C300906A94 /* CartViewModel.swift */ = {isa = PBXFileReference; lastKnownFileType = sourcecode.swift; path = CartViewModel.swift; sourceTree = "<group>"; };
		788C64662C31E7B400906A94 /* userViewModel.swift */ = {isa = PBXFileReference; lastKnownFileType = sourcecode.swift; path = userViewModel.swift; sourceTree = "<group>"; };
		788C64682C31EE3C00906A94 /* NotificationExtensions.swift */ = {isa = PBXFileReference; lastKnownFileType = sourcecode.swift; path = NotificationExtensions.swift; sourceTree = "<group>"; };
		788C646A2C3526F500906A94 /* shoppingFab 2.xcdatamodel */ = {isa = PBXFileReference; lastKnownFileType = wrapper.xcdatamodel; path = "shoppingFab 2.xcdatamodel"; sourceTree = "<group>"; };
/* End PBXFileReference section */

/* Begin PBXFrameworksBuildPhase section */
		788B6D6D2C2EE2560059825F /* Frameworks */ = {
			isa = PBXFrameworksBuildPhase;
			buildActionMask = 2147483647;
			files = (
				788B6E192C3024B50059825F /* SDWebImage in Frameworks */,
				788B6DBD2C2FF0B10059825F /* Alamofire in Frameworks */,
				788B6E1B2C3024B50059825F /* SDWebImageMapKit in Frameworks */,
				788B6DBF2C2FF0B10059825F /* AlamofireDynamic in Frameworks */,
			);
			runOnlyForDeploymentPostprocessing = 0;
		};
		788B6D862C2EE2580059825F /* Frameworks */ = {
			isa = PBXFrameworksBuildPhase;
			buildActionMask = 2147483647;
			files = (
			);
			runOnlyForDeploymentPostprocessing = 0;
		};
		788B6D902C2EE2580059825F /* Frameworks */ = {
			isa = PBXFrameworksBuildPhase;
			buildActionMask = 2147483647;
			files = (
			);
			runOnlyForDeploymentPostprocessing = 0;
		};
/* End PBXFrameworksBuildPhase section */

/* Begin PBXGroup section */
		788B6D672C2EE2560059825F = {
			isa = PBXGroup;
			children = (
				788B6D722C2EE2560059825F /* shoppingFab */,
				788B6D8C2C2EE2580059825F /* shoppingFabTests */,
				788B6D962C2EE2580059825F /* shoppingFabUITests */,
				788B6D712C2EE2560059825F /* Products */,
			);
			sourceTree = "<group>";
		};
		788B6D712C2EE2560059825F /* Products */ = {
			isa = PBXGroup;
			children = (
				788B6D702C2EE2560059825F /* shoppingFab.app */,
				788B6D892C2EE2580059825F /* shoppingFabTests.xctest */,
				788B6D932C2EE2580059825F /* shoppingFabUITests.xctest */,
			);
			name = Products;
			sourceTree = "<group>";
		};
		788B6D722C2EE2560059825F /* shoppingFab */ = {
			isa = PBXGroup;
			children = (
				788C64632C31E35300906A94 /* ViewModel */,
				788B6DC42C2FF2530059825F /* Model */,
				788B6DB82C2EF0510059825F /* View */,
				788B6DAC2C2EEA7C0059825F /* Helper */,
				788B6DAB2C2EEA720059825F /* Controller */,
				788B6D732C2EE2560059825F /* AppDelegate.swift */,
				788B6D752C2EE2560059825F /* SceneDelegate.swift */,
				788B6D7F2C2EE2570059825F /* Assets.xcassets */,
				788B6D812C2EE2570059825F /* LaunchScreen.storyboard */,
				788B6D842C2EE2570059825F /* Info.plist */,
				788B6D7C2C2EE2560059825F /* shoppingFab.xcdatamodeld */,
			);
			path = shoppingFab;
			sourceTree = "<group>";
		};
		788B6D8C2C2EE2580059825F /* shoppingFabTests */ = {
			isa = PBXGroup;
			children = (
				788B6D8D2C2EE2580059825F /* shoppingFabTests.swift */,
			);
			path = shoppingFabTests;
			sourceTree = "<group>";
		};
		788B6D962C2EE2580059825F /* shoppingFabUITests */ = {
			isa = PBXGroup;
			children = (
				788B6D972C2EE2580059825F /* shoppingFabUITests.swift */,
				788B6D992C2EE2580059825F /* shoppingFabUITestsLaunchTests.swift */,
			);
			path = shoppingFabUITests;
			sourceTree = "<group>";
		};
		788B6DAB2C2EEA720059825F /* Controller */ = {
			isa = PBXGroup;
			children = (
				788C645E2C31852900906A94 /* CheckOut */,
				788B6E212C3027100059825F /* Categorized */,
				788B6E202C3027030059825F /* Product */,
				788B6E1F2C3026F90059825F /* Profile */,
				788B6E1E2C3026E40059825F /* Cart */,
				788B6E1D2C3026CF0059825F /* Home */,
				788B6E1C2C3026B90059825F /* Login */,
			);
			path = Controller;
			sourceTree = "<group>";
		};
		788B6DAC2C2EEA7C0059825F /* Helper */ = {
			isa = PBXGroup;
			children = (
				788B6E262C3051200059825F /* CoreDataManager.swift */,
				788B6E2A2C305FE50059825F /* CartProductList.swift */,
				788B6E302C309D3F0059825F /* UserData.swift */,
				788B6DAD2C2EEA9C0059825F /* DuplicateFuncs.swift */,
				788B6DAF2C2EEAAA0059825F /* Constants.swift */,
				788C64682C31EE3C00906A94 /* NotificationExtensions.swift */,
			);
			path = Helper;
			sourceTree = "<group>";
		};
		788B6DB82C2EF0510059825F /* View */ = {
			isa = PBXGroup;
			children = (
				788B6DF62C2FF7F40059825F /* Custom Viewes */,
				788B6DA62C2EE4890059825F /* Main.storyboard */,
			);
			path = View;
			sourceTree = "<group>";
		};
		788B6DC42C2FF2530059825F /* Model */ = {
			isa = PBXGroup;
			children = (
				788B6DC72C2FF2710059825F /* User */,
				788B6DC62C2FF2690059825F /* Product */,
				788B6DC52C2FF25E0059825F /* Category */,
			);
			path = Model;
			sourceTree = "<group>";
		};
		788B6DC52C2FF25E0059825F /* Category */ = {
			isa = PBXGroup;
			children = (
				788B6DCC2C2FF2C20059825F /* CategoryModel.swift */,
				788B6DCE2C2FF2D00059825F /* CategoryData.swift */,
			);
			path = Category;
			sourceTree = "<group>";
		};
		788B6DC62C2FF2690059825F /* Product */ = {
			isa = PBXGroup;
			children = (
				788B6DC82C2FF2830059825F /* ProductModel.swift */,
				788B6DCA2C2FF2920059825F /* ProductData.swift */,
				788B6E2C2C3081690059825F /* CartProductModel.swift */,
			);
			path = Product;
			sourceTree = "<group>";
		};
		788B6DC72C2FF2710059825F /* User */ = {
			isa = PBXGroup;
			children = (
				788B6DD02C2FF2FD0059825F /* User.swift */,
			);
			path = User;
			sourceTree = "<group>";
		};
		788B6DF62C2FF7F40059825F /* Custom Viewes */ = {
			isa = PBXGroup;
			children = (
				788B6DFA2C2FF8450059825F /* ProductCollectionView */,
				788B6DF92C2FF8310059825F /* CategoryTableView */,
				788B6DF82C2FF8220059825F /* CategorizedTableView */,
				788B6DF72C2FF80E0059825F /* CartTableView */,
			);
			path = "Custom Viewes";
			sourceTree = "<group>";
		};
		788B6DF72C2FF80E0059825F /* CartTableView */ = {
			isa = PBXGroup;
			children = (
				788B6E072C2FF8F70059825F /* CartTableViewCell.swift */,
				788B6E052C2FF8ED0059825F /* CartTableViewCell.xib */,
			);
			path = CartTableView;
			sourceTree = "<group>";
		};
		788B6DF82C2FF8220059825F /* CategorizedTableView */ = {
			isa = PBXGroup;
			children = (
				788B6E012C2FF8CB0059825F /* CategorizedTableViewCell.swift */,
				788B6E032C2FF8D60059825F /* CategorizedTableViewCell.xib */,
			);
			path = CategorizedTableView;
			sourceTree = "<group>";
		};
		788B6DF92C2FF8310059825F /* CategoryTableView */ = {
			isa = PBXGroup;
			children = (
				788B6DFF2C2FF8A80059825F /* CategoriesCollectionViewCell.swift */,
				788B6DFD2C2FF8990059825F /* CategoriesCollectionViewCell.xib */,
				788B6DFB2C2FF8810059825F /* TopCollectionViewColumnFlowLayout.swift */,
			);
			path = CategoryTableView;
			sourceTree = "<group>";
		};
		788B6DFA2C2FF8450059825F /* ProductCollectionView */ = {
			isa = PBXGroup;
			children = (
				788B6E0D2C2FF9150059825F /* ProductsCollectionViewCell.xib */,
				788B6E0B2C2FF90D0059825F /* ProductsCollectionViewCell.swift */,
				788B6E092C2FF9050059825F /* BottomCollectionViewColumnFlowLayout.swift */,
			);
			path = ProductCollectionView;
			sourceTree = "<group>";
		};
		788B6E1C2C3026B90059825F /* Login */ = {
			isa = PBXGroup;
			children = (
				788B6DA92C2EE87B0059825F /* RegisterViewController.swift */,
				788B6DB12C2EEC370059825F /* LoginViewController.swift */,
			);
			path = Login;
			sourceTree = "<group>";
		};
		788B6E1D2C3026CF0059825F /* Home */ = {
			isa = PBXGroup;
			children = (
				788B6DB32C2EEEB10059825F /* HomeViewController.swift */,
			);
			path = Home;
			sourceTree = "<group>";
		};
		788B6E1E2C3026E40059825F /* Cart */ = {
			isa = PBXGroup;
			children = (
				788B6E132C30215A0059825F /* CartViewController.swift */,
			);
			path = Cart;
			sourceTree = "<group>";
		};
		788B6E1F2C3026F90059825F /* Profile */ = {
			isa = PBXGroup;
			children = (
				788B6E152C3021670059825F /* ProfileViewController.swift */,
			);
			path = Profile;
			sourceTree = "<group>";
		};
		788B6E202C3027030059825F /* Product */ = {
			isa = PBXGroup;
			children = (
				788B6E112C2FF9B40059825F /* ProductDetailViewController.swift */,
			);
			path = Product;
			sourceTree = "<group>";
		};
		788B6E212C3027100059825F /* Categorized */ = {
			isa = PBXGroup;
			children = (
				788B6E0F2C2FF98A0059825F /* CategorizedViewController.swift */,
			);
			path = Categorized;
			sourceTree = "<group>";
		};
		788C645E2C31852900906A94 /* CheckOut */ = {
			isa = PBXGroup;
			children = (
				788C645F2C31856100906A94 /* CheckOutViewController.swift */,
			);
			path = CheckOut;
			sourceTree = "<group>";
		};
		788C64632C31E35300906A94 /* ViewModel */ = {
			isa = PBXGroup;
			children = (
				788C64612C31AD5900906A94 /* NetworkViewModel.swift */,
				788C64642C31E5C300906A94 /* CartViewModel.swift */,
				788C64662C31E7B400906A94 /* userViewModel.swift */,
			);
			path = ViewModel;
			sourceTree = "<group>";
		};
/* End PBXGroup section */

/* Begin PBXNativeTarget section */
		788B6D6F2C2EE2560059825F /* shoppingFab */ = {
			isa = PBXNativeTarget;
			buildConfigurationList = 788B6D9D2C2EE2580059825F /* Build configuration list for PBXNativeTarget "shoppingFab" */;
			buildPhases = (
				788B6D6C2C2EE2560059825F /* Sources */,
				788B6D6D2C2EE2560059825F /* Frameworks */,
				788B6D6E2C2EE2560059825F /* Resources */,
			);
			buildRules = (
			);
			dependencies = (
			);
			name = shoppingFab;
			packageProductDependencies = (
				788B6DBC2C2FF0B10059825F /* Alamofire */,
				788B6DBE2C2FF0B10059825F /* AlamofireDynamic */,
				788B6E182C3024B50059825F /* SDWebImage */,
				788B6E1A2C3024B50059825F /* SDWebImageMapKit */,
			);
			productName = shoppingFab;
			productReference = 788B6D702C2EE2560059825F /* shoppingFab.app */;
			productType = "com.apple.product-type.application";
		};
		788B6D882C2EE2580059825F /* shoppingFabTests */ = {
			isa = PBXNativeTarget;
			buildConfigurationList = 788B6DA02C2EE2580059825F /* Build configuration list for PBXNativeTarget "shoppingFabTests" */;
			buildPhases = (
				788B6D852C2EE2580059825F /* Sources */,
				788B6D862C2EE2580059825F /* Frameworks */,
				788B6D872C2EE2580059825F /* Resources */,
			);
			buildRules = (
			);
			dependencies = (
				788B6D8B2C2EE2580059825F /* PBXTargetDependency */,
			);
			name = shoppingFabTests;
			productName = shoppingFabTests;
			productReference = 788B6D892C2EE2580059825F /* shoppingFabTests.xctest */;
			productType = "com.apple.product-type.bundle.unit-test";
		};
		788B6D922C2EE2580059825F /* shoppingFabUITests */ = {
			isa = PBXNativeTarget;
			buildConfigurationList = 788B6DA32C2EE2580059825F /* Build configuration list for PBXNativeTarget "shoppingFabUITests" */;
			buildPhases = (
				788B6D8F2C2EE2580059825F /* Sources */,
				788B6D902C2EE2580059825F /* Frameworks */,
				788B6D912C2EE2580059825F /* Resources */,
			);
			buildRules = (
			);
			dependencies = (
				788B6D952C2EE2580059825F /* PBXTargetDependency */,
			);
			name = shoppingFabUITests;
			productName = shoppingFabUITests;
			productReference = 788B6D932C2EE2580059825F /* shoppingFabUITests.xctest */;
			productType = "com.apple.product-type.bundle.ui-testing";
		};
/* End PBXNativeTarget section */

/* Begin PBXProject section */
		788B6D682C2EE2560059825F /* Project object */ = {
			isa = PBXProject;
			attributes = {
				BuildIndependentTargetsInParallel = 1;
				LastSwiftUpdateCheck = 1510;
				LastUpgradeCheck = 1510;
				TargetAttributes = {
					788B6D6F2C2EE2560059825F = {
						CreatedOnToolsVersion = 15.1;
					};
					788B6D882C2EE2580059825F = {
						CreatedOnToolsVersion = 15.1;
						TestTargetID = 788B6D6F2C2EE2560059825F;
					};
					788B6D922C2EE2580059825F = {
						CreatedOnToolsVersion = 15.1;
						TestTargetID = 788B6D6F2C2EE2560059825F;
					};
				};
			};
			buildConfigurationList = 788B6D6B2C2EE2560059825F /* Build configuration list for PBXProject "shoppingFab" */;
			compatibilityVersion = "Xcode 14.0";
			developmentRegion = en;
			hasScannedForEncodings = 0;
			knownRegions = (
				en,
				Base,
			);
			mainGroup = 788B6D672C2EE2560059825F;
			packageReferences = (
				788B6DBB2C2FF0B10059825F /* XCRemoteSwiftPackageReference "Alamofire" */,
				788B6E172C3024B50059825F /* XCRemoteSwiftPackageReference "SDWebImage" */,
			);
			productRefGroup = 788B6D712C2EE2560059825F /* Products */;
			projectDirPath = "";
			projectRoot = "";
			targets = (
				788B6D6F2C2EE2560059825F /* shoppingFab */,
				788B6D882C2EE2580059825F /* shoppingFabTests */,
				788B6D922C2EE2580059825F /* shoppingFabUITests */,
			);
		};
/* End PBXProject section */

/* Begin PBXResourcesBuildPhase section */
		788B6D6E2C2EE2560059825F /* Resources */ = {
			isa = PBXResourcesBuildPhase;
			buildActionMask = 2147483647;
			files = (
				788B6DFE2C2FF8990059825F /* CategoriesCollectionViewCell.xib in Resources */,
				788B6D832C2EE2570059825F /* LaunchScreen.storyboard in Resources */,
				788B6D802C2EE2570059825F /* Assets.xcassets in Resources */,
				788B6E062C2FF8ED0059825F /* CartTableViewCell.xib in Resources */,
				788B6E042C2FF8D60059825F /* CategorizedTableViewCell.xib in Resources */,
				788B6E0E2C2FF9150059825F /* ProductsCollectionViewCell.xib in Resources */,
				788B6DA82C2EE4890059825F /* Main.storyboard in Resources */,
			);
			runOnlyForDeploymentPostprocessing = 0;
		};
		788B6D872C2EE2580059825F /* Resources */ = {
			isa = PBXResourcesBuildPhase;
			buildActionMask = 2147483647;
			files = (
			);
			runOnlyForDeploymentPostprocessing = 0;
		};
		788B6D912C2EE2580059825F /* Resources */ = {
			isa = PBXResourcesBuildPhase;
			buildActionMask = 2147483647;
			files = (
			);
			runOnlyForDeploymentPostprocessing = 0;
		};
/* End PBXResourcesBuildPhase section */

/* Begin PBXSourcesBuildPhase section */
		788B6D6C2C2EE2560059825F /* Sources */ = {
			isa = PBXSourcesBuildPhase;
			buildActionMask = 2147483647;
			files = (
				788B6DD12C2FF2FD0059825F /* User.swift in Sources */,
				788B6E2B2C305FE50059825F /* CartProductList.swift in Sources */,
				788B6E0C2C2FF90D0059825F /* ProductsCollectionViewCell.swift in Sources */,
				788B6E122C2FF9B40059825F /* ProductDetailViewController.swift in Sources */,
				788B6DB22C2EEC370059825F /* LoginViewController.swift in Sources */,
				788B6DCF2C2FF2D00059825F /* CategoryData.swift in Sources */,
				788C64652C31E5C300906A94 /* CartViewModel.swift in Sources */,
				788C64622C31AD5900906A94 /* NetworkViewModel.swift in Sources */,
				788B6DCB2C2FF2920059825F /* ProductData.swift in Sources */,
				788C64672C31E7B400906A94 /* userViewModel.swift in Sources */,
				788B6D7E2C2EE2560059825F /* shoppingFab.xcdatamodeld in Sources */,
				788B6E102C2FF98A0059825F /* CategorizedViewController.swift in Sources */,
				788B6D742C2EE2560059825F /* AppDelegate.swift in Sources */,
				788B6DFC2C2FF8810059825F /* TopCollectionViewColumnFlowLayout.swift in Sources */,
				788C64692C31EE3C00906A94 /* NotificationExtensions.swift in Sources */,
				788B6DB42C2EEEB10059825F /* HomeViewController.swift in Sources */,
				788B6E082C2FF8F70059825F /* CartTableViewCell.swift in Sources */,
				788B6DC92C2FF2830059825F /* ProductModel.swift in Sources */,
				788B6E002C2FF8A80059825F /* CategoriesCollectionViewCell.swift in Sources */,
				788B6E2D2C3081690059825F /* CartProductModel.swift in Sources */,
				788B6DAE2C2EEA9C0059825F /* DuplicateFuncs.swift in Sources */,
				788B6E162C3021670059825F /* ProfileViewController.swift in Sources */,
				788B6DCD2C2FF2C20059825F /* CategoryModel.swift in Sources */,
				788B6D762C2EE2560059825F /* SceneDelegate.swift in Sources */,
				788B6E272C3051200059825F /* CoreDataManager.swift in Sources */,
				788B6E312C309D3F0059825F /* UserData.swift in Sources */,
				788B6E022C2FF8CB0059825F /* CategorizedTableViewCell.swift in Sources */,
				788B6E142C30215A0059825F /* CartViewController.swift in Sources */,
				788C64602C31856100906A94 /* CheckOutViewController.swift in Sources */,
				788B6DAA2C2EE87C0059825F /* RegisterViewController.swift in Sources */,
				788B6DB02C2EEAAA0059825F /* Constants.swift in Sources */,
				788B6E0A2C2FF9050059825F /* BottomCollectionViewColumnFlowLayout.swift in Sources */,
			);
			runOnlyForDeploymentPostprocessing = 0;
		};
		788B6D852C2EE2580059825F /* Sources */ = {
			isa = PBXSourcesBuildPhase;
			buildActionMask = 2147483647;
			files = (
				788B6D8E2C2EE2580059825F /* shoppingFabTests.swift in Sources */,
			);
			runOnlyForDeploymentPostprocessing = 0;
		};
		788B6D8F2C2EE2580059825F /* Sources */ = {
			isa = PBXSourcesBuildPhase;
			buildActionMask = 2147483647;
			files = (
				788B6D9A2C2EE2580059825F /* shoppingFabUITestsLaunchTests.swift in Sources */,
				788B6D982C2EE2580059825F /* shoppingFabUITests.swift in Sources */,
			);
			runOnlyForDeploymentPostprocessing = 0;
		};
/* End PBXSourcesBuildPhase section */

/* Begin PBXTargetDependency section */
		788B6D8B2C2EE2580059825F /* PBXTargetDependency */ = {
			isa = PBXTargetDependency;
			target = 788B6D6F2C2EE2560059825F /* shoppingFab */;
			targetProxy = 788B6D8A2C2EE2580059825F /* PBXContainerItemProxy */;
		};
		788B6D952C2EE2580059825F /* PBXTargetDependency */ = {
			isa = PBXTargetDependency;
			target = 788B6D6F2C2EE2560059825F /* shoppingFab */;
			targetProxy = 788B6D942C2EE2580059825F /* PBXContainerItemProxy */;
		};
/* End PBXTargetDependency section */

/* Begin PBXVariantGroup section */
		788B6D812C2EE2570059825F /* LaunchScreen.storyboard */ = {
			isa = PBXVariantGroup;
			children = (
				788B6D822C2EE2570059825F /* Base */,
			);
			name = LaunchScreen.storyboard;
			sourceTree = "<group>";
		};
		788B6DA62C2EE4890059825F /* Main.storyboard */ = {
			isa = PBXVariantGroup;
			children = (
				788B6DA72C2EE4890059825F /* Base */,
			);
			name = Main.storyboard;
			sourceTree = "<group>";
		};
/* End PBXVariantGroup section */

/* Begin XCBuildConfiguration section */
		788B6D9B2C2EE2580059825F /* Debug */ = {
			isa = XCBuildConfiguration;
			buildSettings = {
				ALWAYS_SEARCH_USER_PATHS = NO;
				ASSETCATALOG_COMPILER_GENERATE_SWIFT_ASSET_SYMBOL_EXTENSIONS = YES;
				CLANG_ANALYZER_NONNULL = YES;
				CLANG_ANALYZER_NUMBER_OBJECT_CONVERSION = YES_AGGRESSIVE;
				CLANG_CXX_LANGUAGE_STANDARD = "gnu++20";
				CLANG_ENABLE_MODULES = YES;
				CLANG_ENABLE_OBJC_ARC = YES;
				CLANG_ENABLE_OBJC_WEAK = YES;
				CLANG_WARN_BLOCK_CAPTURE_AUTORELEASING = YES;
				CLANG_WARN_BOOL_CONVERSION = YES;
				CLANG_WARN_COMMA = YES;
				CLANG_WARN_CONSTANT_CONVERSION = YES;
				CLANG_WARN_DEPRECATED_OBJC_IMPLEMENTATIONS = YES;
				CLANG_WARN_DIRECT_OBJC_ISA_USAGE = YES_ERROR;
				CLANG_WARN_DOCUMENTATION_COMMENTS = YES;
				CLANG_WARN_EMPTY_BODY = YES;
				CLANG_WARN_ENUM_CONVERSION = YES;
				CLANG_WARN_INFINITE_RECURSION = YES;
				CLANG_WARN_INT_CONVERSION = YES;
				CLANG_WARN_NON_LITERAL_NULL_CONVERSION = YES;
				CLANG_WARN_OBJC_IMPLICIT_RETAIN_SELF = YES;
				CLANG_WARN_OBJC_LITERAL_CONVERSION = YES;
				CLANG_WARN_OBJC_ROOT_CLASS = YES_ERROR;
				CLANG_WARN_QUOTED_INCLUDE_IN_FRAMEWORK_HEADER = YES;
				CLANG_WARN_RANGE_LOOP_ANALYSIS = YES;
				CLANG_WARN_STRICT_PROTOTYPES = YES;
				CLANG_WARN_SUSPICIOUS_MOVE = YES;
				CLANG_WARN_UNGUARDED_AVAILABILITY = YES_AGGRESSIVE;
				CLANG_WARN_UNREACHABLE_CODE = YES;
				CLANG_WARN__DUPLICATE_METHOD_MATCH = YES;
				COPY_PHASE_STRIP = NO;
				DEBUG_INFORMATION_FORMAT = dwarf;
				ENABLE_STRICT_OBJC_MSGSEND = YES;
				ENABLE_TESTABILITY = YES;
				ENABLE_USER_SCRIPT_SANDBOXING = YES;
				GCC_C_LANGUAGE_STANDARD = gnu17;
				GCC_DYNAMIC_NO_PIC = NO;
				GCC_NO_COMMON_BLOCKS = YES;
				GCC_OPTIMIZATION_LEVEL = 0;
				GCC_PREPROCESSOR_DEFINITIONS = (
					"DEBUG=1",
					"$(inherited)",
				);
				GCC_WARN_64_TO_32_BIT_CONVERSION = YES;
				GCC_WARN_ABOUT_RETURN_TYPE = YES_ERROR;
				GCC_WARN_UNDECLARED_SELECTOR = YES;
				GCC_WARN_UNINITIALIZED_AUTOS = YES_AGGRESSIVE;
				GCC_WARN_UNUSED_FUNCTION = YES;
				GCC_WARN_UNUSED_VARIABLE = YES;
				IPHONEOS_DEPLOYMENT_TARGET = 17.2;
				LOCALIZATION_PREFERS_STRING_CATALOGS = YES;
				MTL_ENABLE_DEBUG_INFO = INCLUDE_SOURCE;
				MTL_FAST_MATH = YES;
				ONLY_ACTIVE_ARCH = YES;
				SDKROOT = iphoneos;
				SWIFT_ACTIVE_COMPILATION_CONDITIONS = "DEBUG $(inherited)";
				SWIFT_OPTIMIZATION_LEVEL = "-Onone";
			};
			name = Debug;
		};
		788B6D9C2C2EE2580059825F /* Release */ = {
			isa = XCBuildConfiguration;
			buildSettings = {
				ALWAYS_SEARCH_USER_PATHS = NO;
				ASSETCATALOG_COMPILER_GENERATE_SWIFT_ASSET_SYMBOL_EXTENSIONS = YES;
				CLANG_ANALYZER_NONNULL = YES;
				CLANG_ANALYZER_NUMBER_OBJECT_CONVERSION = YES_AGGRESSIVE;
				CLANG_CXX_LANGUAGE_STANDARD = "gnu++20";
				CLANG_ENABLE_MODULES = YES;
				CLANG_ENABLE_OBJC_ARC = YES;
				CLANG_ENABLE_OBJC_WEAK = YES;
				CLANG_WARN_BLOCK_CAPTURE_AUTORELEASING = YES;
				CLANG_WARN_BOOL_CONVERSION = YES;
				CLANG_WARN_COMMA = YES;
				CLANG_WARN_CONSTANT_CONVERSION = YES;
				CLANG_WARN_DEPRECATED_OBJC_IMPLEMENTATIONS = YES;
				CLANG_WARN_DIRECT_OBJC_ISA_USAGE = YES_ERROR;
				CLANG_WARN_DOCUMENTATION_COMMENTS = YES;
				CLANG_WARN_EMPTY_BODY = YES;
				CLANG_WARN_ENUM_CONVERSION = YES;
				CLANG_WARN_INFINITE_RECURSION = YES;
				CLANG_WARN_INT_CONVERSION = YES;
				CLANG_WARN_NON_LITERAL_NULL_CONVERSION = YES;
				CLANG_WARN_OBJC_IMPLICIT_RETAIN_SELF = YES;
				CLANG_WARN_OBJC_LITERAL_CONVERSION = YES;
				CLANG_WARN_OBJC_ROOT_CLASS = YES_ERROR;
				CLANG_WARN_QUOTED_INCLUDE_IN_FRAMEWORK_HEADER = YES;
				CLANG_WARN_RANGE_LOOP_ANALYSIS = YES;
				CLANG_WARN_STRICT_PROTOTYPES = YES;
				CLANG_WARN_SUSPICIOUS_MOVE = YES;
				CLANG_WARN_UNGUARDED_AVAILABILITY = YES_AGGRESSIVE;
				CLANG_WARN_UNREACHABLE_CODE = YES;
				CLANG_WARN__DUPLICATE_METHOD_MATCH = YES;
				COPY_PHASE_STRIP = NO;
				DEBUG_INFORMATION_FORMAT = "dwarf-with-dsym";
				ENABLE_NS_ASSERTIONS = NO;
				ENABLE_STRICT_OBJC_MSGSEND = YES;
				ENABLE_USER_SCRIPT_SANDBOXING = YES;
				GCC_C_LANGUAGE_STANDARD = gnu17;
				GCC_NO_COMMON_BLOCKS = YES;
				GCC_WARN_64_TO_32_BIT_CONVERSION = YES;
				GCC_WARN_ABOUT_RETURN_TYPE = YES_ERROR;
				GCC_WARN_UNDECLARED_SELECTOR = YES;
				GCC_WARN_UNINITIALIZED_AUTOS = YES_AGGRESSIVE;
				GCC_WARN_UNUSED_FUNCTION = YES;
				GCC_WARN_UNUSED_VARIABLE = YES;
				IPHONEOS_DEPLOYMENT_TARGET = 17.2;
				LOCALIZATION_PREFERS_STRING_CATALOGS = YES;
				MTL_ENABLE_DEBUG_INFO = NO;
				MTL_FAST_MATH = YES;
				SDKROOT = iphoneos;
				SWIFT_COMPILATION_MODE = wholemodule;
				VALIDATE_PRODUCT = YES;
			};
			name = Release;
		};
		788B6D9E2C2EE2580059825F /* Debug */ = {
			isa = XCBuildConfiguration;
			buildSettings = {
				ASSETCATALOG_COMPILER_APPICON_NAME = AppIcon;
				ASSETCATALOG_COMPILER_GLOBAL_ACCENT_COLOR_NAME = AccentColor;
				CODE_SIGN_STYLE = Automatic;
				CURRENT_PROJECT_VERSION = 1;
				DEVELOPMENT_TEAM = S9PBYVUAZF;
				GENERATE_INFOPLIST_FILE = YES;
				INFOPLIST_FILE = shoppingFab/Info.plist;
				INFOPLIST_KEY_UIApplicationSupportsIndirectInputEvents = YES;
				INFOPLIST_KEY_UILaunchStoryboardName = LaunchScreen;
				INFOPLIST_KEY_UIMainStoryboardFile = Main;
				INFOPLIST_KEY_UISupportedInterfaceOrientations_iPad = "UIInterfaceOrientationPortrait UIInterfaceOrientationPortraitUpsideDown UIInterfaceOrientationLandscapeLeft UIInterfaceOrientationLandscapeRight";
				INFOPLIST_KEY_UISupportedInterfaceOrientations_iPhone = "UIInterfaceOrientationPortrait UIInterfaceOrientationLandscapeLeft UIInterfaceOrientationLandscapeRight";
				LD_RUNPATH_SEARCH_PATHS = (
					"$(inherited)",
					"@executable_path/Frameworks",
				);
				MARKETING_VERSION = 1.0;
				PRODUCT_BUNDLE_IDENTIFIER = Susmita.shoppingFab;
				PRODUCT_NAME = "$(TARGET_NAME)";
				SWIFT_EMIT_LOC_STRINGS = YES;
				SWIFT_VERSION = 5.0;
				TARGETED_DEVICE_FAMILY = "1,2";
			};
			name = Debug;
		};
		788B6D9F2C2EE2580059825F /* Release */ = {
			isa = XCBuildConfiguration;
			buildSettings = {
				ASSETCATALOG_COMPILER_APPICON_NAME = AppIcon;
				ASSETCATALOG_COMPILER_GLOBAL_ACCENT_COLOR_NAME = AccentColor;
				CODE_SIGN_STYLE = Automatic;
				CURRENT_PROJECT_VERSION = 1;
				DEVELOPMENT_TEAM = S9PBYVUAZF;
				GENERATE_INFOPLIST_FILE = YES;
				INFOPLIST_FILE = shoppingFab/Info.plist;
				INFOPLIST_KEY_UIApplicationSupportsIndirectInputEvents = YES;
				INFOPLIST_KEY_UILaunchStoryboardName = LaunchScreen;
				INFOPLIST_KEY_UIMainStoryboardFile = Main;
				INFOPLIST_KEY_UISupportedInterfaceOrientations_iPad = "UIInterfaceOrientationPortrait UIInterfaceOrientationPortraitUpsideDown UIInterfaceOrientationLandscapeLeft UIInterfaceOrientationLandscapeRight";
				INFOPLIST_KEY_UISupportedInterfaceOrientations_iPhone = "UIInterfaceOrientationPortrait UIInterfaceOrientationLandscapeLeft UIInterfaceOrientationLandscapeRight";
				LD_RUNPATH_SEARCH_PATHS = (
					"$(inherited)",
					"@executable_path/Frameworks",
				);
				MARKETING_VERSION = 1.0;
				PRODUCT_BUNDLE_IDENTIFIER = Susmita.shoppingFab;
				PRODUCT_NAME = "$(TARGET_NAME)";
				SWIFT_EMIT_LOC_STRINGS = YES;
				SWIFT_VERSION = 5.0;
				TARGETED_DEVICE_FAMILY = "1,2";
			};
			name = Release;
		};
		788B6DA12C2EE2580059825F /* Debug */ = {
			isa = XCBuildConfiguration;
			buildSettings = {
				ALWAYS_EMBED_SWIFT_STANDARD_LIBRARIES = YES;
				BUNDLE_LOADER = "$(TEST_HOST)";
				CODE_SIGN_STYLE = Automatic;
				CURRENT_PROJECT_VERSION = 1;
				DEVELOPMENT_TEAM = S9PBYVUAZF;
				GENERATE_INFOPLIST_FILE = YES;
				IPHONEOS_DEPLOYMENT_TARGET = 17.2;
				MARKETING_VERSION = 1.0;
				PRODUCT_BUNDLE_IDENTIFIER = Susmita.shoppingFabTests;
				PRODUCT_NAME = "$(TARGET_NAME)";
				SWIFT_EMIT_LOC_STRINGS = NO;
				SWIFT_VERSION = 5.0;
				TARGETED_DEVICE_FAMILY = "1,2";
				TEST_HOST = "$(BUILT_PRODUCTS_DIR)/shoppingFab.app/$(BUNDLE_EXECUTABLE_FOLDER_PATH)/shoppingFab";
			};
			name = Debug;
		};
		788B6DA22C2EE2580059825F /* Release */ = {
			isa = XCBuildConfiguration;
			buildSettings = {
				ALWAYS_EMBED_SWIFT_STANDARD_LIBRARIES = YES;
				BUNDLE_LOADER = "$(TEST_HOST)";
				CODE_SIGN_STYLE = Automatic;
				CURRENT_PROJECT_VERSION = 1;
				DEVELOPMENT_TEAM = S9PBYVUAZF;
				GENERATE_INFOPLIST_FILE = YES;
				IPHONEOS_DEPLOYMENT_TARGET = 17.2;
				MARKETING_VERSION = 1.0;
				PRODUCT_BUNDLE_IDENTIFIER = Susmita.shoppingFabTests;
				PRODUCT_NAME = "$(TARGET_NAME)";
				SWIFT_EMIT_LOC_STRINGS = NO;
				SWIFT_VERSION = 5.0;
				TARGETED_DEVICE_FAMILY = "1,2";
				TEST_HOST = "$(BUILT_PRODUCTS_DIR)/shoppingFab.app/$(BUNDLE_EXECUTABLE_FOLDER_PATH)/shoppingFab";
			};
			name = Release;
		};
		788B6DA42C2EE2580059825F /* Debug */ = {
			isa = XCBuildConfiguration;
			buildSettings = {
				ALWAYS_EMBED_SWIFT_STANDARD_LIBRARIES = YES;
				CODE_SIGN_STYLE = Automatic;
				CURRENT_PROJECT_VERSION = 1;
				DEVELOPMENT_TEAM = S9PBYVUAZF;
				GENERATE_INFOPLIST_FILE = YES;
				MARKETING_VERSION = 1.0;
				PRODUCT_BUNDLE_IDENTIFIER = Susmita.shoppingFabUITests;
				PRODUCT_NAME = "$(TARGET_NAME)";
				SWIFT_EMIT_LOC_STRINGS = NO;
				SWIFT_VERSION = 5.0;
				TARGETED_DEVICE_FAMILY = "1,2";
				TEST_TARGET_NAME = shoppingFab;
			};
			name = Debug;
		};
		788B6DA52C2EE2580059825F /* Release */ = {
			isa = XCBuildConfiguration;
			buildSettings = {
				ALWAYS_EMBED_SWIFT_STANDARD_LIBRARIES = YES;
				CODE_SIGN_STYLE = Automatic;
				CURRENT_PROJECT_VERSION = 1;
				DEVELOPMENT_TEAM = S9PBYVUAZF;
				GENERATE_INFOPLIST_FILE = YES;
				MARKETING_VERSION = 1.0;
				PRODUCT_BUNDLE_IDENTIFIER = Susmita.shoppingFabUITests;
				PRODUCT_NAME = "$(TARGET_NAME)";
				SWIFT_EMIT_LOC_STRINGS = NO;
				SWIFT_VERSION = 5.0;
				TARGETED_DEVICE_FAMILY = "1,2";
				TEST_TARGET_NAME = shoppingFab;
			};
			name = Release;
		};
/* End XCBuildConfiguration section */

/* Begin XCConfigurationList section */
		788B6D6B2C2EE2560059825F /* Build configuration list for PBXProject "shoppingFab" */ = {
			isa = XCConfigurationList;
			buildConfigurations = (
				788B6D9B2C2EE2580059825F /* Debug */,
				788B6D9C2C2EE2580059825F /* Release */,
			);
			defaultConfigurationIsVisible = 0;
			defaultConfigurationName = Release;
		};
		788B6D9D2C2EE2580059825F /* Build configuration list for PBXNativeTarget "shoppingFab" */ = {
			isa = XCConfigurationList;
			buildConfigurations = (
				788B6D9E2C2EE2580059825F /* Debug */,
				788B6D9F2C2EE2580059825F /* Release */,
			);
			defaultConfigurationIsVisible = 0;
			defaultConfigurationName = Release;
		};
		788B6DA02C2EE2580059825F /* Build configuration list for PBXNativeTarget "shoppingFabTests" */ = {
			isa = XCConfigurationList;
			buildConfigurations = (
				788B6DA12C2EE2580059825F /* Debug */,
				788B6DA22C2EE2580059825F /* Release */,
			);
			defaultConfigurationIsVisible = 0;
			defaultConfigurationName = Release;
		};
		788B6DA32C2EE2580059825F /* Build configuration list for PBXNativeTarget "shoppingFabUITests" */ = {
			isa = XCConfigurationList;
			buildConfigurations = (
				788B6DA42C2EE2580059825F /* Debug */,
				788B6DA52C2EE2580059825F /* Release */,
			);
			defaultConfigurationIsVisible = 0;
			defaultConfigurationName = Release;
		};
/* End XCConfigurationList section */

/* Begin XCRemoteSwiftPackageReference section */
		788B6DBB2C2FF0B10059825F /* XCRemoteSwiftPackageReference "Alamofire" */ = {
			isa = XCRemoteSwiftPackageReference;
			repositoryURL = "https://github.com/Alamofire/Alamofire.git";
			requirement = {
				kind = upToNextMajorVersion;
				minimumVersion = 5.9.1;
			};
		};
		788B6E172C3024B50059825F /* XCRemoteSwiftPackageReference "SDWebImage" */ = {
			isa = XCRemoteSwiftPackageReference;
			repositoryURL = "https://github.com/SDWebImage/SDWebImage";
			requirement = {
				kind = upToNextMajorVersion;
				minimumVersion = 5.19.3;
			};
		};
/* End XCRemoteSwiftPackageReference section */

/* Begin XCSwiftPackageProductDependency section */
		788B6DBC2C2FF0B10059825F /* Alamofire */ = {
			isa = XCSwiftPackageProductDependency;
			package = 788B6DBB2C2FF0B10059825F /* XCRemoteSwiftPackageReference "Alamofire" */;
			productName = Alamofire;
		};
		788B6DBE2C2FF0B10059825F /* AlamofireDynamic */ = {
			isa = XCSwiftPackageProductDependency;
			package = 788B6DBB2C2FF0B10059825F /* XCRemoteSwiftPackageReference "Alamofire" */;
			productName = AlamofireDynamic;
		};
		788B6E182C3024B50059825F /* SDWebImage */ = {
			isa = XCSwiftPackageProductDependency;
			package = 788B6E172C3024B50059825F /* XCRemoteSwiftPackageReference "SDWebImage" */;
			productName = SDWebImage;
		};
		788B6E1A2C3024B50059825F /* SDWebImageMapKit */ = {
			isa = XCSwiftPackageProductDependency;
			package = 788B6E172C3024B50059825F /* XCRemoteSwiftPackageReference "SDWebImage" */;
			productName = SDWebImageMapKit;
		};
/* End XCSwiftPackageProductDependency section */

/* Begin XCVersionGroup section */
		788B6D7C2C2EE2560059825F /* shoppingFab.xcdatamodeld */ = {
			isa = XCVersionGroup;
			children = (
				788C646A2C3526F500906A94 /* shoppingFab 2.xcdatamodel */,
				788B6D7D2C2EE2560059825F /* shoppingFab.xcdatamodel */,
			);
			currentVersion = 788B6D7D2C2EE2560059825F /* shoppingFab.xcdatamodel */;
			path = shoppingFab.xcdatamodeld;
			sourceTree = "<group>";
			versionGroupType = wrapper.xcdatamodel;
		};
/* End XCVersionGroup section */
	};
	rootObject = 788B6D682C2EE2560059825F /* Project object */;
}
